dependencies:
  espressif/esp_codec_dev:
    component_hash: 18c22e1411224ba6103c4aca1b01bc740af33926756e9e106370a477d52bcba1
    dependencies:
    - name: idf
      require: private
      version: '>=4.0'
    source:
      registry_url: https://components.espressif.com/
      type: service
    version: 1.3.4
  idf:
    source:
      type: idf
    version: 5.4.1
direct_dependencies:
- espressif/esp_codec_dev
- idf
manifest_hash: 215e778dc2480a04728e7db56c9f8b342bd4fd47736f29153355ba5d17d6a42c
target: esp32p4
version: 2.0.0
